
Microsoft Visual Studio Solution File, Format Version 12.00
# Visual Studio 14
VisualStudioVersion = 14.0.25420.1
MinimumVisualStudioVersion = 10.0.40219.1
Project("{FAE04EC0-301F-11D3-BF4B-00C04F79EFBC}") = "FeedVinc.DAL", "FeedVinc.DAL\FeedVinc.DAL.csproj", "{AB077200-1D73-4778-A92A-3419A6460C2F}"
EndProject
Project("{FAE04EC0-301F-11D3-BF4B-00C04F79EFBC}") = "FeedVinc.BLL", "FeedVinc.BLL\FeedVinc.BLL.csproj", "{41C71F8A-142C-4D5F-A054-C7B4885D55A3}"
EndProject
Project("{FAE04EC0-301F-11D3-BF4B-00C04F79EFBC}") = "FeedVinc.WEB.UI", "FeedVinc.WEB.UI\FeedVinc.WEB.UI.csproj", "{D170D239-6A03-4A8F-9542-414C71913E69}"
EndProject
Project("{FAE04EC0-301F-11D3-BF4B-00C04F79EFBC}") = "FeedVinc.API", "FeedVinc.API\FeedVinc.API.csproj", "{08558985-0669-499A-90B3-1707D6A528AC}"
EndProject
Project("{FAE04EC0-301F-11D3-BF4B-00C04F79EFBC}") = "FeedVinc.Common", "FeedVinc.Common\FeedVinc.Common.csproj", "{EE72ABD6-AA60-4827-B9CF-6C23776DF4AC}"
EndProject
Global
	GlobalSection(SolutionConfigurationPlatforms) = preSolution
		Debug|Any CPU = Debug|Any CPU
		Release|Any CPU = Release|Any CPU
	EndGlobalSection
	GlobalSection(ProjectConfigurationPlatforms) = postSolution
		{AB077200-1D73-4778-A92A-3419A6460C2F}.Debug|Any CPU.ActiveCfg = Debug|Any CPU
		{AB077200-1D73-4778-A92A-3419A6460C2F}.Debug|Any CPU.Build.0 = Debug|Any CPU
		{AB077200-1D73-4778-A92A-3419A6460C2F}.Release|Any CPU.ActiveCfg = Release|Any CPU
		{AB077200-1D73-4778-A92A-3419A6460C2F}.Release|Any CPU.Build.0 = Release|Any CPU
		{41C71F8A-142C-4D5F-A054-C7B4885D55A3}.Debug|Any CPU.ActiveCfg = Debug|Any CPU
		{41C71F8A-142C-4D5F-A054-C7B4885D55A3}.Debug|Any CPU.Build.0 = Debug|Any CPU
		{41C71F8A-142C-4D5F-A054-C7B4885D55A3}.Release|Any CPU.ActiveCfg = Release|Any CPU
		{41C71F8A-142C-4D5F-A054-C7B4885D55A3}.Release|Any CPU.Build.0 = Release|Any CPU
		{D170D239-6A03-4A8F-9542-414C71913E69}.Debug|Any CPU.ActiveCfg = Debug|Any CPU
		{D170D239-6A03-4A8F-9542-414C71913E69}.Debug|Any CPU.Build.0 = Debug|Any CPU
		{D170D239-6A03-4A8F-9542-414C71913E69}.Release|Any CPU.ActiveCfg = Release|Any CPU
		{D170D239-6A03-4A8F-9542-414C71913E69}.Release|Any CPU.Build.0 = Release|Any CPU
		{08558985-0669-499A-90B3-1707D6A528AC}.Debug|Any CPU.ActiveCfg = Debug|Any CPU
		{08558985-0669-499A-90B3-1707D6A528AC}.Debug|Any CPU.Build.0 = Debug|Any CPU
		{08558985-0669-499A-90B3-1707D6A528AC}.Release|Any CPU.ActiveCfg = Release|Any CPU
		{08558985-0669-499A-90B3-1707D6A528AC}.Release|Any CPU.Build.0 = Release|Any CPU
		{EE72ABD6-AA60-4827-B9CF-6C23776DF4AC}.Debug|Any CPU.ActiveCfg = Debug|Any CPU
		{EE72ABD6-AA60-4827-B9CF-6C23776DF4AC}.Debug|Any CPU.Build.0 = Debug|Any CPU
		{EE72ABD6-AA60-4827-B9CF-6C23776DF4AC}.Release|Any CPU.ActiveCfg = Release|Any CPU
		{EE72ABD6-AA60-4827-B9CF-6C23776DF4AC}.Release|Any CPU.Build.0 = Release|Any CPU
	EndGlobalSection
	GlobalSection(SolutionProperties) = preSolution
		HideSolutionNode = FALSE
	EndGlobalSection
EndGlobal
